
Microsoft Visual Studio Solution File, Format Version 12.00
# Visual Studio 15
VisualStudioVersion = 15.0.26730.15
MinimumVisualStudioVersion = 10.0.40219.1
Project("{2150E333-8FDC-42A3-9474-1A3956D46DE8}") = "Microservices", "Microservices", "{286DF304-C0B9-4191-985C-1C52BC65CAF8}"
EndProject
Project("{2150E333-8FDC-42A3-9474-1A3956D46DE8}") = "Domain", "Domain", "{9D9DA31B-3EBE-4B01-8845-DD198A028B77}"
EndProject
Project("{2150E333-8FDC-42A3-9474-1A3956D46DE8}") = "Infra.Bus", "Infra.Bus", "{683D1D3E-9947-4659-94FC-7E22C19C9456}"
EndProject
Project("{2150E333-8FDC-42A3-9474-1A3956D46DE8}") = "Infra.IoC", "Infra.IoC", "{4D939820-5A18-4464-89DE-5B6995354D22}"
EndProject
Project("{2150E333-8FDC-42A3-9474-1A3956D46DE8}") = "Presentation", "Presentation", "{45BDDE15-F09B-468A-865C-D729506B2F02}"
EndProject
Project("{FAE04EC0-301F-11D3-BF4B-00C04F79EFBC}") = "MicroRabbit.Domain.Core", "MicroRabbit.Domain.Core\MicroRabbit.Domain.Core.csproj", "{6B333A7F-51BE-4498-A4F1-2D21FC7481DE}"
EndProject
Project("{FAE04EC0-301F-11D3-BF4B-00C04F79EFBC}") = "MicroRabbit.Infra.Bus", "MicroRabbit.Infra.Bus\MicroRabbit.Infra.Bus.csproj", "{9CB267D4-4388-4F76-B645-570765F42033}"
EndProject
Project("{FAE04EC0-301F-11D3-BF4B-00C04F79EFBC}") = "MicroRabbit.Infra.IoC", "MicroRabbit.Infra.IoC\MicroRabbit.Infra.IoC.csproj", "{AF350AA0-0901-489A-B224-EF6A21E031CE}"
EndProject
Project("{2150E333-8FDC-42A3-9474-1A3956D46DE8}") = "Banking", "Banking", "{CA08CAB2-81CA-4EAE-8033-3442CEA52C9A}"
EndProject
Project("{2150E333-8FDC-42A3-9474-1A3956D46DE8}") = "Api", "Api", "{913ED0F6-30CA-4508-BAA4-204F81CC9B61}"
EndProject
Project("{2150E333-8FDC-42A3-9474-1A3956D46DE8}") = "Domain", "Domain", "{8B5AA28F-1972-4307-A6D1-EF0640935A81}"
EndProject
Project("{2150E333-8FDC-42A3-9474-1A3956D46DE8}") = "Application", "Application", "{1C06B42B-94BC-425B-BF7D-C9629999EC26}"
EndProject
Project("{2150E333-8FDC-42A3-9474-1A3956D46DE8}") = "Data", "Data", "{40C8C244-3A66-43D1-91F0-D3AB9A4791C6}"
EndProject
Project("{FAE04EC0-301F-11D3-BF4B-00C04F79EFBC}") = "MicroRabbit.Banking.Api", "MicroRabbit.Banking.Api\MicroRabbit.Banking.Api.csproj", "{FF1ABFD6-02F4-42E5-A17A-F094781731F3}"
EndProject
Project("{FAE04EC0-301F-11D3-BF4B-00C04F79EFBC}") = "MicroRabbit.Banking.Application", "MicroRabbit.Banking.Application\MicroRabbit.Banking.Application.csproj", "{F2F5CB43-14E1-461F-8129-CD84D5BA60A3}"
EndProject
Project("{FAE04EC0-301F-11D3-BF4B-00C04F79EFBC}") = "MicroRabbit.Banking.Data", "MicroRabbit.Banking.Data\MicroRabbit.Banking.Data.csproj", "{7602351B-E778-4CE0-B70E-CDA67942B5C3}"
EndProject
Project("{FAE04EC0-301F-11D3-BF4B-00C04F79EFBC}") = "MicroRabbit.Banking.Domain", "MicroRabbit.Banking.Domain\MicroRabbit.Banking.Domain.csproj", "{3CC54B95-A8DF-49F8-B1A6-149D88CD143E}"
EndProject
Global
	GlobalSection(SolutionConfigurationPlatforms) = preSolution
		Debug|Any CPU = Debug|Any CPU
		Debug|x86 = Debug|x86
		Release|Any CPU = Release|Any CPU
		Release|x86 = Release|x86
	EndGlobalSection
	GlobalSection(ProjectConfigurationPlatforms) = postSolution
		{6B333A7F-51BE-4498-A4F1-2D21FC7481DE}.Debug|Any CPU.ActiveCfg = Debug|Any CPU
		{6B333A7F-51BE-4498-A4F1-2D21FC7481DE}.Debug|Any CPU.Build.0 = Debug|Any CPU
		{6B333A7F-51BE-4498-A4F1-2D21FC7481DE}.Debug|x86.ActiveCfg = Debug|Any CPU
		{6B333A7F-51BE-4498-A4F1-2D21FC7481DE}.Debug|x86.Build.0 = Debug|Any CPU
		{6B333A7F-51BE-4498-A4F1-2D21FC7481DE}.Release|Any CPU.ActiveCfg = Release|Any CPU
		{6B333A7F-51BE-4498-A4F1-2D21FC7481DE}.Release|Any CPU.Build.0 = Release|Any CPU
		{6B333A7F-51BE-4498-A4F1-2D21FC7481DE}.Release|x86.ActiveCfg = Release|Any CPU
		{6B333A7F-51BE-4498-A4F1-2D21FC7481DE}.Release|x86.Build.0 = Release|Any CPU
		{9CB267D4-4388-4F76-B645-570765F42033}.Debug|Any CPU.ActiveCfg = Debug|Any CPU
		{9CB267D4-4388-4F76-B645-570765F42033}.Debug|Any CPU.Build.0 = Debug|Any CPU
		{9CB267D4-4388-4F76-B645-570765F42033}.Debug|x86.ActiveCfg = Debug|Any CPU
		{9CB267D4-4388-4F76-B645-570765F42033}.Debug|x86.Build.0 = Debug|Any CPU
		{9CB267D4-4388-4F76-B645-570765F42033}.Release|Any CPU.ActiveCfg = Release|Any CPU
		{9CB267D4-4388-4F76-B645-570765F42033}.Release|Any CPU.Build.0 = Release|Any CPU
		{9CB267D4-4388-4F76-B645-570765F42033}.Release|x86.ActiveCfg = Release|Any CPU
		{9CB267D4-4388-4F76-B645-570765F42033}.Release|x86.Build.0 = Release|Any CPU
		{AF350AA0-0901-489A-B224-EF6A21E031CE}.Debug|Any CPU.ActiveCfg = Debug|Any CPU
		{AF350AA0-0901-489A-B224-EF6A21E031CE}.Debug|Any CPU.Build.0 = Debug|Any CPU
		{AF350AA0-0901-489A-B224-EF6A21E031CE}.Debug|x86.ActiveCfg = Debug|Any CPU
		{AF350AA0-0901-489A-B224-EF6A21E031CE}.Debug|x86.Build.0 = Debug|Any CPU
		{AF350AA0-0901-489A-B224-EF6A21E031CE}.Release|Any CPU.ActiveCfg = Release|Any CPU
		{AF350AA0-0901-489A-B224-EF6A21E031CE}.Release|Any CPU.Build.0 = Release|Any CPU
		{AF350AA0-0901-489A-B224-EF6A21E031CE}.Release|x86.ActiveCfg = Release|Any CPU
		{AF350AA0-0901-489A-B224-EF6A21E031CE}.Release|x86.Build.0 = Release|Any CPU
		{FF1ABFD6-02F4-42E5-A17A-F094781731F3}.Debug|Any CPU.ActiveCfg = Debug|Any CPU
		{FF1ABFD6-02F4-42E5-A17A-F094781731F3}.Debug|Any CPU.Build.0 = Debug|Any CPU
		{FF1ABFD6-02F4-42E5-A17A-F094781731F3}.Debug|x86.ActiveCfg = Debug|Any CPU
		{FF1ABFD6-02F4-42E5-A17A-F094781731F3}.Debug|x86.Build.0 = Debug|Any CPU
		{FF1ABFD6-02F4-42E5-A17A-F094781731F3}.Release|Any CPU.ActiveCfg = Release|Any CPU
		{FF1ABFD6-02F4-42E5-A17A-F094781731F3}.Release|Any CPU.Build.0 = Release|Any CPU
		{FF1ABFD6-02F4-42E5-A17A-F094781731F3}.Release|x86.ActiveCfg = Release|Any CPU
		{FF1ABFD6-02F4-42E5-A17A-F094781731F3}.Release|x86.Build.0 = Release|Any CPU
		{F2F5CB43-14E1-461F-8129-CD84D5BA60A3}.Debug|Any CPU.ActiveCfg = Debug|Any CPU
		{F2F5CB43-14E1-461F-8129-CD84D5BA60A3}.Debug|Any CPU.Build.0 = Debug|Any CPU
		{F2F5CB43-14E1-461F-8129-CD84D5BA60A3}.Debug|x86.ActiveCfg = Debug|Any CPU
		{F2F5CB43-14E1-461F-8129-CD84D5BA60A3}.Debug|x86.Build.0 = Debug|Any CPU
		{F2F5CB43-14E1-461F-8129-CD84D5BA60A3}.Release|Any CPU.ActiveCfg = Release|Any CPU
		{F2F5CB43-14E1-461F-8129-CD84D5BA60A3}.Release|Any CPU.Build.0 = Release|Any CPU
		{F2F5CB43-14E1-461F-8129-CD84D5BA60A3}.Release|x86.ActiveCfg = Release|Any CPU
		{F2F5CB43-14E1-461F-8129-CD84D5BA60A3}.Release|x86.Build.0 = Release|Any CPU
		{7602351B-E778-4CE0-B70E-CDA67942B5C3}.Debug|Any CPU.ActiveCfg = Debug|Any CPU
		{7602351B-E778-4CE0-B70E-CDA67942B5C3}.Debug|Any CPU.Build.0 = Debug|Any CPU
		{7602351B-E778-4CE0-B70E-CDA67942B5C3}.Debug|x86.ActiveCfg = Debug|x86
		{7602351B-E778-4CE0-B70E-CDA67942B5C3}.Debug|x86.Build.0 = Debug|x86
		{7602351B-E778-4CE0-B70E-CDA67942B5C3}.Release|Any CPU.ActiveCfg = Release|Any CPU
		{7602351B-E778-4CE0-B70E-CDA67942B5C3}.Release|Any CPU.Build.0 = Release|Any CPU
		{7602351B-E778-4CE0-B70E-CDA67942B5C3}.Release|x86.ActiveCfg = Release|x86
		{7602351B-E778-4CE0-B70E-CDA67942B5C3}.Release|x86.Build.0 = Release|x86
		{3CC54B95-A8DF-49F8-B1A6-149D88CD143E}.Debug|Any CPU.ActiveCfg = Debug|Any CPU
		{3CC54B95-A8DF-49F8-B1A6-149D88CD143E}.Debug|Any CPU.Build.0 = Debug|Any CPU
		{3CC54B95-A8DF-49F8-B1A6-149D88CD143E}.Debug|x86.ActiveCfg = Debug|Any CPU
		{3CC54B95-A8DF-49F8-B1A6-149D88CD143E}.Debug|x86.Build.0 = Debug|Any CPU
		{3CC54B95-A8DF-49F8-B1A6-149D88CD143E}.Release|Any CPU.ActiveCfg = Release|Any CPU
		{3CC54B95-A8DF-49F8-B1A6-149D88CD143E}.Release|Any CPU.Build.0 = Release|Any CPU
		{3CC54B95-A8DF-49F8-B1A6-149D88CD143E}.Release|x86.ActiveCfg = Release|Any CPU
		{3CC54B95-A8DF-49F8-B1A6-149D88CD143E}.Release|x86.Build.0 = Release|Any CPU
	EndGlobalSection
	GlobalSection(SolutionProperties) = preSolution
		HideSolutionNode = FALSE
	EndGlobalSection
	GlobalSection(NestedProjects) = preSolution
		{6B333A7F-51BE-4498-A4F1-2D21FC7481DE} = {9D9DA31B-3EBE-4B01-8845-DD198A028B77}
		{9CB267D4-4388-4F76-B645-570765F42033} = {683D1D3E-9947-4659-94FC-7E22C19C9456}
		{AF350AA0-0901-489A-B224-EF6A21E031CE} = {4D939820-5A18-4464-89DE-5B6995354D22}
		{CA08CAB2-81CA-4EAE-8033-3442CEA52C9A} = {286DF304-C0B9-4191-985C-1C52BC65CAF8}
		{913ED0F6-30CA-4508-BAA4-204F81CC9B61} = {CA08CAB2-81CA-4EAE-8033-3442CEA52C9A}
		{8B5AA28F-1972-4307-A6D1-EF0640935A81} = {CA08CAB2-81CA-4EAE-8033-3442CEA52C9A}
		{1C06B42B-94BC-425B-BF7D-C9629999EC26} = {CA08CAB2-81CA-4EAE-8033-3442CEA52C9A}
		{40C8C244-3A66-43D1-91F0-D3AB9A4791C6} = {CA08CAB2-81CA-4EAE-8033-3442CEA52C9A}
		{FF1ABFD6-02F4-42E5-A17A-F094781731F3} = {913ED0F6-30CA-4508-BAA4-204F81CC9B61}
		{F2F5CB43-14E1-461F-8129-CD84D5BA60A3} = {1C06B42B-94BC-425B-BF7D-C9629999EC26}
		{7602351B-E778-4CE0-B70E-CDA67942B5C3} = {40C8C244-3A66-43D1-91F0-D3AB9A4791C6}
		{3CC54B95-A8DF-49F8-B1A6-149D88CD143E} = {8B5AA28F-1972-4307-A6D1-EF0640935A81}
	EndGlobalSection
	GlobalSection(ExtensibilityGlobals) = postSolution
		SolutionGuid = {F4336062-27D4-4100-965B-C5AFCC2F2CEB}
	EndGlobalSection
EndGlobal
